
Microsoft Visual Studio Solution File, Format Version 10.00
# Visual Studio 2008
Project("{2150E333-8FDC-42A3-9474-1A3956D46DE8}") = "app", "app", "{C376948D-85A5-41CA-9F3A-6A118A1FE6F9}"
EndProject
Project("{8BC9CEB8-8B4A-11D0-8D11-00A0C91BC942}") = "mgmktdata", "src\mgmktdata\mgmktdata.vcproj", "{EB9FDB77-21BA-44A4-AE5A-27FFF8D60591}"
EndProject
Project("{8BC9CEB8-8B4A-11D0-8D11-00A0C91BC942}") = "mgapp", "app\mgapp\mgapp.vcproj", "{EE81CD37-E9CB-4730-A7A5-B49BA7E2E51B}"
	ProjectSection(ProjectDependencies) = postProject
		{63B84211-3C85-4455-8CCA-7A2FF246C304} = {63B84211-3C85-4455-8CCA-7A2FF246C304}
		{20E51C46-9C2E-4553-9A93-2633B8ADE536} = {20E51C46-9C2E-4553-9A93-2633B8ADE536}
		{82FD4464-2A30-4A2E-8909-4C981CB87F38} = {82FD4464-2A30-4A2E-8909-4C981CB87F38}
		{94F0E96C-F526-4B2F-8B90-B7FAA2F608FD} = {94F0E96C-F526-4B2F-8B90-B7FAA2F608FD}
		{EB9FDB77-21BA-44A4-AE5A-27FFF8D60591} = {EB9FDB77-21BA-44A4-AE5A-27FFF8D60591}
		{336ABAD6-64AC-4C7F-8CBB-52C70BF143E1} = {336ABAD6-64AC-4C7F-8CBB-52C70BF143E1}
	EndProjectSection
EndProject
Project("{8BC9CEB8-8B4A-11D0-8D11-00A0C91BC942}") = "xlw", "src\xlw\xlw.vcproj", "{82FD4464-2A30-4A2E-8909-4C981CB87F38}"
EndProject
Project("{8BC9CEB8-8B4A-11D0-8D11-00A0C91BC942}") = "mgxll", "app\mgxll\mgxll.vcproj", "{BC4406A2-82D9-46E1-9432-EAABE9AEED88}"
	ProjectSection(ProjectDependencies) = postProject
		{63B84211-3C85-4455-8CCA-7A2FF246C304} = {63B84211-3C85-4455-8CCA-7A2FF246C304}
		{20E51C46-9C2E-4553-9A93-2633B8ADE536} = {20E51C46-9C2E-4553-9A93-2633B8ADE536}
		{82FD4464-2A30-4A2E-8909-4C981CB87F38} = {82FD4464-2A30-4A2E-8909-4C981CB87F38}
		{94F0E96C-F526-4B2F-8B90-B7FAA2F608FD} = {94F0E96C-F526-4B2F-8B90-B7FAA2F608FD}
		{EB9FDB77-21BA-44A4-AE5A-27FFF8D60591} = {EB9FDB77-21BA-44A4-AE5A-27FFF8D60591}
		{336ABAD6-64AC-4C7F-8CBB-52C70BF143E1} = {336ABAD6-64AC-4C7F-8CBB-52C70BF143E1}
	EndProjectSection
EndProject
Project("{8BC9CEB8-8B4A-11D0-8D11-00A0C91BC942}") = "gsl", "src\gsl\win32\gsl.vcproj", "{94F0E96C-F526-4B2F-8B90-B7FAA2F608FD}"
	ProjectSection(ProjectDependencies) = postProject
		{5A3A2F64-12A8-4DA7-A98A-EE21464EF37C} = {5A3A2F64-12A8-4DA7-A98A-EE21464EF37C}
	EndProjectSection
EndProject
Project("{8BC9CEB8-8B4A-11D0-8D11-00A0C91BC942}") = "cblas", "src\gsl\win32\cblas.vcproj", "{5A3A2F64-12A8-4DA7-A98A-EE21464EF37C}"
EndProject
Project("{2150E333-8FDC-42A3-9474-1A3956D46DE8}") = "gsl", "gsl", "{DA18C280-4281-4E23-A5FA-C1997B17DBC4}"
EndProject
Project("{8BC9CEB8-8B4A-11D0-8D11-00A0C91BC942}") = "vanilla", "src\vanilla\vanilla.vcproj", "{63B84211-3C85-4455-8CCA-7A2FF246C304}"
EndProject
Project("{8BC9CEB8-8B4A-11D0-8D11-00A0C91BC942}") = "genpricer", "src\genpricer\genpricer.vcproj", "{336ABAD6-64AC-4C7F-8CBB-52C70BF143E1}"
EndProject
Project("{8BC9CEB8-8B4A-11D0-8D11-00A0C91BC942}") = "nova", "src\nova\nova.vcproj", "{20E51C46-9C2E-4553-9A93-2633B8ADE536}"
EndProject
Global
	GlobalSection(SolutionConfigurationPlatforms) = preSolution
		Debug MT|Win32 = Debug MT|Win32
		Debug|Win32 = Debug|Win32
		Release MT|Win32 = Release MT|Win32
		Release|Win32 = Release|Win32
	EndGlobalSection
	GlobalSection(ProjectConfigurationPlatforms) = postSolution
		{EB9FDB77-21BA-44A4-AE5A-27FFF8D60591}.Debug MT|Win32.ActiveCfg = Debug|Win32
		{EB9FDB77-21BA-44A4-AE5A-27FFF8D60591}.Debug MT|Win32.Build.0 = Debug|Win32
		{EB9FDB77-21BA-44A4-AE5A-27FFF8D60591}.Debug|Win32.ActiveCfg = Debug|Win32
		{EB9FDB77-21BA-44A4-AE5A-27FFF8D60591}.Debug|Win32.Build.0 = Debug|Win32
		{EB9FDB77-21BA-44A4-AE5A-27FFF8D60591}.Release MT|Win32.ActiveCfg = Release|Win32
		{EB9FDB77-21BA-44A4-AE5A-27FFF8D60591}.Release MT|Win32.Build.0 = Release|Win32
		{EB9FDB77-21BA-44A4-AE5A-27FFF8D60591}.Release|Win32.ActiveCfg = Release|Win32
		{EB9FDB77-21BA-44A4-AE5A-27FFF8D60591}.Release|Win32.Build.0 = Release|Win32
		{EE81CD37-E9CB-4730-A7A5-B49BA7E2E51B}.Debug MT|Win32.ActiveCfg = Debug|Win32
		{EE81CD37-E9CB-4730-A7A5-B49BA7E2E51B}.Debug MT|Win32.Build.0 = Debug|Win32
		{EE81CD37-E9CB-4730-A7A5-B49BA7E2E51B}.Debug|Win32.ActiveCfg = Debug|Win32
		{EE81CD37-E9CB-4730-A7A5-B49BA7E2E51B}.Debug|Win32.Build.0 = Debug|Win32
		{EE81CD37-E9CB-4730-A7A5-B49BA7E2E51B}.Release MT|Win32.ActiveCfg = Release|Win32
		{EE81CD37-E9CB-4730-A7A5-B49BA7E2E51B}.Release MT|Win32.Build.0 = Release|Win32
		{EE81CD37-E9CB-4730-A7A5-B49BA7E2E51B}.Release|Win32.ActiveCfg = Release|Win32
		{EE81CD37-E9CB-4730-A7A5-B49BA7E2E51B}.Release|Win32.Build.0 = Release|Win32
		{82FD4464-2A30-4A2E-8909-4C981CB87F38}.Debug MT|Win32.ActiveCfg = Debug|Win32
		{82FD4464-2A30-4A2E-8909-4C981CB87F38}.Debug MT|Win32.Build.0 = Debug|Win32
		{82FD4464-2A30-4A2E-8909-4C981CB87F38}.Debug|Win32.ActiveCfg = Debug|Win32
		{82FD4464-2A30-4A2E-8909-4C981CB87F38}.Debug|Win32.Build.0 = Debug|Win32
		{82FD4464-2A30-4A2E-8909-4C981CB87F38}.Release MT|Win32.ActiveCfg = Release|Win32
		{82FD4464-2A30-4A2E-8909-4C981CB87F38}.Release MT|Win32.Build.0 = Release|Win32
		{82FD4464-2A30-4A2E-8909-4C981CB87F38}.Release|Win32.ActiveCfg = Release|Win32
		{82FD4464-2A30-4A2E-8909-4C981CB87F38}.Release|Win32.Build.0 = Release|Win32
		{BC4406A2-82D9-46E1-9432-EAABE9AEED88}.Debug MT|Win32.ActiveCfg = Debug|Win32
		{BC4406A2-82D9-46E1-9432-EAABE9AEED88}.Debug MT|Win32.Build.0 = Debug|Win32
		{BC4406A2-82D9-46E1-9432-EAABE9AEED88}.Debug|Win32.ActiveCfg = Debug|Win32
		{BC4406A2-82D9-46E1-9432-EAABE9AEED88}.Debug|Win32.Build.0 = Debug|Win32
		{BC4406A2-82D9-46E1-9432-EAABE9AEED88}.Release MT|Win32.ActiveCfg = Release|Win32
		{BC4406A2-82D9-46E1-9432-EAABE9AEED88}.Release MT|Win32.Build.0 = Release|Win32
		{BC4406A2-82D9-46E1-9432-EAABE9AEED88}.Release|Win32.ActiveCfg = Release|Win32
		{BC4406A2-82D9-46E1-9432-EAABE9AEED88}.Release|Win32.Build.0 = Release|Win32
		{94F0E96C-F526-4B2F-8B90-B7FAA2F608FD}.Debug MT|Win32.ActiveCfg = Debug MT|Win32
		{94F0E96C-F526-4B2F-8B90-B7FAA2F608FD}.Debug MT|Win32.Build.0 = Debug MT|Win32
		{94F0E96C-F526-4B2F-8B90-B7FAA2F608FD}.Debug|Win32.ActiveCfg = Debug|Win32
		{94F0E96C-F526-4B2F-8B90-B7FAA2F608FD}.Debug|Win32.Build.0 = Debug|Win32
		{94F0E96C-F526-4B2F-8B90-B7FAA2F608FD}.Release MT|Win32.ActiveCfg = Release MT|Win32
		{94F0E96C-F526-4B2F-8B90-B7FAA2F608FD}.Release MT|Win32.Build.0 = Release MT|Win32
		{94F0E96C-F526-4B2F-8B90-B7FAA2F608FD}.Release|Win32.ActiveCfg = Release|Win32
		{94F0E96C-F526-4B2F-8B90-B7FAA2F608FD}.Release|Win32.Build.0 = Release|Win32
		{5A3A2F64-12A8-4DA7-A98A-EE21464EF37C}.Debug MT|Win32.ActiveCfg = Debug MT|Win32
		{5A3A2F64-12A8-4DA7-A98A-EE21464EF37C}.Debug MT|Win32.Build.0 = Debug MT|Win32
		{5A3A2F64-12A8-4DA7-A98A-EE21464EF37C}.Debug|Win32.ActiveCfg = Debug|Win32
		{5A3A2F64-12A8-4DA7-A98A-EE21464EF37C}.Debug|Win32.Build.0 = Debug|Win32
		{5A3A2F64-12A8-4DA7-A98A-EE21464EF37C}.Release MT|Win32.ActiveCfg = Release MT|Win32
		{5A3A2F64-12A8-4DA7-A98A-EE21464EF37C}.Release MT|Win32.Build.0 = Release MT|Win32
		{5A3A2F64-12A8-4DA7-A98A-EE21464EF37C}.Release|Win32.ActiveCfg = Release|Win32
		{5A3A2F64-12A8-4DA7-A98A-EE21464EF37C}.Release|Win32.Build.0 = Release|Win32
		{63B84211-3C85-4455-8CCA-7A2FF246C304}.Debug MT|Win32.ActiveCfg = Debug|Win32
		{63B84211-3C85-4455-8CCA-7A2FF246C304}.Debug MT|Win32.Build.0 = Debug|Win32
		{63B84211-3C85-4455-8CCA-7A2FF246C304}.Debug|Win32.ActiveCfg = Debug|Win32
		{63B84211-3C85-4455-8CCA-7A2FF246C304}.Debug|Win32.Build.0 = Debug|Win32
		{63B84211-3C85-4455-8CCA-7A2FF246C304}.Release MT|Win32.ActiveCfg = Release|Win32
		{63B84211-3C85-4455-8CCA-7A2FF246C304}.Release MT|Win32.Build.0 = Release|Win32
		{63B84211-3C85-4455-8CCA-7A2FF246C304}.Release|Win32.ActiveCfg = Release|Win32
		{63B84211-3C85-4455-8CCA-7A2FF246C304}.Release|Win32.Build.0 = Release|Win32
		{336ABAD6-64AC-4C7F-8CBB-52C70BF143E1}.Debug MT|Win32.ActiveCfg = Debug|Win32
		{336ABAD6-64AC-4C7F-8CBB-52C70BF143E1}.Debug MT|Win32.Build.0 = Debug|Win32
		{336ABAD6-64AC-4C7F-8CBB-52C70BF143E1}.Debug|Win32.ActiveCfg = Debug|Win32
		{336ABAD6-64AC-4C7F-8CBB-52C70BF143E1}.Debug|Win32.Build.0 = Debug|Win32
		{336ABAD6-64AC-4C7F-8CBB-52C70BF143E1}.Release MT|Win32.ActiveCfg = Release|Win32
		{336ABAD6-64AC-4C7F-8CBB-52C70BF143E1}.Release MT|Win32.Build.0 = Release|Win32
		{336ABAD6-64AC-4C7F-8CBB-52C70BF143E1}.Release|Win32.ActiveCfg = Release|Win32
		{336ABAD6-64AC-4C7F-8CBB-52C70BF143E1}.Release|Win32.Build.0 = Release|Win32
		{20E51C46-9C2E-4553-9A93-2633B8ADE536}.Debug MT|Win32.ActiveCfg = Debug|Win32
		{20E51C46-9C2E-4553-9A93-2633B8ADE536}.Debug MT|Win32.Build.0 = Debug|Win32
		{20E51C46-9C2E-4553-9A93-2633B8ADE536}.Debug|Win32.ActiveCfg = Debug|Win32
		{20E51C46-9C2E-4553-9A93-2633B8ADE536}.Debug|Win32.Build.0 = Debug|Win32
		{20E51C46-9C2E-4553-9A93-2633B8ADE536}.Release MT|Win32.ActiveCfg = Release|Win32
		{20E51C46-9C2E-4553-9A93-2633B8ADE536}.Release MT|Win32.Build.0 = Release|Win32
		{20E51C46-9C2E-4553-9A93-2633B8ADE536}.Release|Win32.ActiveCfg = Release|Win32
		{20E51C46-9C2E-4553-9A93-2633B8ADE536}.Release|Win32.Build.0 = Release|Win32
	EndGlobalSection
	GlobalSection(SolutionProperties) = preSolution
		HideSolutionNode = FALSE
	EndGlobalSection
	GlobalSection(NestedProjects) = preSolution
		{EE81CD37-E9CB-4730-A7A5-B49BA7E2E51B} = {C376948D-85A5-41CA-9F3A-6A118A1FE6F9}
		{BC4406A2-82D9-46E1-9432-EAABE9AEED88} = {C376948D-85A5-41CA-9F3A-6A118A1FE6F9}
		{5A3A2F64-12A8-4DA7-A98A-EE21464EF37C} = {DA18C280-4281-4E23-A5FA-C1997B17DBC4}
		{94F0E96C-F526-4B2F-8B90-B7FAA2F608FD} = {DA18C280-4281-4E23-A5FA-C1997B17DBC4}
	EndGlobalSection
EndGlobal
