
Microsoft Visual Studio Solution File, Format Version 9.00
# Visual Studio 2005
Project("{8BC9CEB8-8B4A-11D0-8D11-00A0C91BC942}") = "mgnumerical", "src\mgnumerical\mgnumerical.vcproj", "{5A1BEF5D-2843-446A-86F7-31C3AA62593D}"
EndProject
Project("{8BC9CEB8-8B4A-11D0-8D11-00A0C91BC942}") = "mginfra", "src\mginfra\mginfra.vcproj", "{353F8FE6-DF81-4A25-82E6-85869C9E106D}"
EndProject
Project("{8BC9CEB8-8B4A-11D0-8D11-00A0C91BC942}") = "mgmktdata", "src\mgmktdata\mgmktdata.vcproj", "{EB9FDB77-21BA-44A4-AE5A-27FFF8D60591}"
EndProject
Project("{8BC9CEB8-8B4A-11D0-8D11-00A0C91BC942}") = "mgmodel", "src\mgmodel\mgmodel.vcproj", "{1EBCD5E3-6EDB-4860-9426-E7ED2321C4C6}"
EndProject
Project("{8BC9CEB8-8B4A-11D0-8D11-00A0C91BC942}") = "mgapp", "app\mgapp\mgapp.vcproj", "{EE81CD37-E9CB-4730-A7A5-B49BA7E2E51B}"
	ProjectSection(ProjectDependencies) = postProject
		{353F8FE6-DF81-4A25-82E6-85869C9E106D} = {353F8FE6-DF81-4A25-82E6-85869C9E106D}
		{1EBCD5E3-6EDB-4860-9426-E7ED2321C4C6} = {1EBCD5E3-6EDB-4860-9426-E7ED2321C4C6}
		{EB9FDB77-21BA-44A4-AE5A-27FFF8D60591} = {EB9FDB77-21BA-44A4-AE5A-27FFF8D60591}
		{5A1BEF5D-2843-446A-86F7-31C3AA62593D} = {5A1BEF5D-2843-446A-86F7-31C3AA62593D}
		{20E51C46-9C2E-4553-9A93-2633B8ADE536} = {20E51C46-9C2E-4553-9A93-2633B8ADE536}
		{82FD4464-2A30-4A2E-8909-4C981CB87F38} = {82FD4464-2A30-4A2E-8909-4C981CB87F38}
	EndProjectSection
EndProject
Project("{8BC9CEB8-8B4A-11D0-8D11-00A0C91BC942}") = "mgnova", "src\mgnova\mgnova.vcproj", "{20E51C46-9C2E-4553-9A93-2633B8ADE536}"
EndProject
Project("{8BC9CEB8-8B4A-11D0-8D11-00A0C91BC942}") = "xlw", "src\xlw\xlw.vcproj", "{82FD4464-2A30-4A2E-8909-4C981CB87F38}"
EndProject
Project("{2150E333-8FDC-42A3-9474-1A3956D46DE8}") = "app", "app", "{C376948D-85A5-41CA-9F3A-6A118A1FE6F9}"
EndProject
Project("{8BC9CEB8-8B4A-11D0-8D11-00A0C91BC942}") = "mgxll", "app\mgxll\mgxll.vcproj", "{BC4406A2-82D9-46E1-9432-EAABE9AEED88}"
	ProjectSection(ProjectDependencies) = postProject
		{336ABAD6-64AC-4C7F-8CBB-52C70BF143E1} = {336ABAD6-64AC-4C7F-8CBB-52C70BF143E1}
		{20E51C46-9C2E-4553-9A93-2633B8ADE536} = {20E51C46-9C2E-4553-9A93-2633B8ADE536}
		{5A1BEF5D-2843-446A-86F7-31C3AA62593D} = {5A1BEF5D-2843-446A-86F7-31C3AA62593D}
		{82FD4464-2A30-4A2E-8909-4C981CB87F38} = {82FD4464-2A30-4A2E-8909-4C981CB87F38}
		{EB9FDB77-21BA-44A4-AE5A-27FFF8D60591} = {EB9FDB77-21BA-44A4-AE5A-27FFF8D60591}
		{1EBCD5E3-6EDB-4860-9426-E7ED2321C4C6} = {1EBCD5E3-6EDB-4860-9426-E7ED2321C4C6}
		{353F8FE6-DF81-4A25-82E6-85869C9E106D} = {353F8FE6-DF81-4A25-82E6-85869C9E106D}
	EndProjectSection
EndProject
Project("{8BC9CEB8-8B4A-11D0-8D11-00A0C91BC942}") = "mggenpricer", "src\mggenpricer\mggenpricer.vcproj", "{336ABAD6-64AC-4C7F-8CBB-52C70BF143E1}"
EndProject
Global
	GlobalSection(SolutionConfigurationPlatforms) = preSolution
		Debug|Win32 = Debug|Win32
		Release|Win32 = Release|Win32
	EndGlobalSection
	GlobalSection(ProjectConfigurationPlatforms) = postSolution
		{5A1BEF5D-2843-446A-86F7-31C3AA62593D}.Debug|Win32.ActiveCfg = Debug|Win32
		{5A1BEF5D-2843-446A-86F7-31C3AA62593D}.Debug|Win32.Build.0 = Debug|Win32
		{5A1BEF5D-2843-446A-86F7-31C3AA62593D}.Release|Win32.ActiveCfg = Release|Win32
		{5A1BEF5D-2843-446A-86F7-31C3AA62593D}.Release|Win32.Build.0 = Release|Win32
		{353F8FE6-DF81-4A25-82E6-85869C9E106D}.Debug|Win32.ActiveCfg = Debug|Win32
		{353F8FE6-DF81-4A25-82E6-85869C9E106D}.Debug|Win32.Build.0 = Debug|Win32
		{353F8FE6-DF81-4A25-82E6-85869C9E106D}.Release|Win32.ActiveCfg = Release|Win32
		{353F8FE6-DF81-4A25-82E6-85869C9E106D}.Release|Win32.Build.0 = Release|Win32
		{EB9FDB77-21BA-44A4-AE5A-27FFF8D60591}.Debug|Win32.ActiveCfg = Debug|Win32
		{EB9FDB77-21BA-44A4-AE5A-27FFF8D60591}.Debug|Win32.Build.0 = Debug|Win32
		{EB9FDB77-21BA-44A4-AE5A-27FFF8D60591}.Release|Win32.ActiveCfg = Release|Win32
		{EB9FDB77-21BA-44A4-AE5A-27FFF8D60591}.Release|Win32.Build.0 = Release|Win32
		{1EBCD5E3-6EDB-4860-9426-E7ED2321C4C6}.Debug|Win32.ActiveCfg = Debug|Win32
		{1EBCD5E3-6EDB-4860-9426-E7ED2321C4C6}.Debug|Win32.Build.0 = Debug|Win32
		{1EBCD5E3-6EDB-4860-9426-E7ED2321C4C6}.Release|Win32.ActiveCfg = Release|Win32
		{1EBCD5E3-6EDB-4860-9426-E7ED2321C4C6}.Release|Win32.Build.0 = Release|Win32
		{EE81CD37-E9CB-4730-A7A5-B49BA7E2E51B}.Debug|Win32.ActiveCfg = Debug|Win32
		{EE81CD37-E9CB-4730-A7A5-B49BA7E2E51B}.Debug|Win32.Build.0 = Debug|Win32
		{EE81CD37-E9CB-4730-A7A5-B49BA7E2E51B}.Release|Win32.ActiveCfg = Release|Win32
		{EE81CD37-E9CB-4730-A7A5-B49BA7E2E51B}.Release|Win32.Build.0 = Release|Win32
		{20E51C46-9C2E-4553-9A93-2633B8ADE536}.Debug|Win32.ActiveCfg = Debug|Win32
		{20E51C46-9C2E-4553-9A93-2633B8ADE536}.Debug|Win32.Build.0 = Debug|Win32
		{20E51C46-9C2E-4553-9A93-2633B8ADE536}.Release|Win32.ActiveCfg = Release|Win32
		{20E51C46-9C2E-4553-9A93-2633B8ADE536}.Release|Win32.Build.0 = Release|Win32
		{82FD4464-2A30-4A2E-8909-4C981CB87F38}.Debug|Win32.ActiveCfg = Debug|Win32
		{82FD4464-2A30-4A2E-8909-4C981CB87F38}.Debug|Win32.Build.0 = Debug|Win32
		{82FD4464-2A30-4A2E-8909-4C981CB87F38}.Release|Win32.ActiveCfg = Release|Win32
		{82FD4464-2A30-4A2E-8909-4C981CB87F38}.Release|Win32.Build.0 = Release|Win32
		{BC4406A2-82D9-46E1-9432-EAABE9AEED88}.Debug|Win32.ActiveCfg = Debug|Win32
		{BC4406A2-82D9-46E1-9432-EAABE9AEED88}.Debug|Win32.Build.0 = Debug|Win32
		{BC4406A2-82D9-46E1-9432-EAABE9AEED88}.Release|Win32.ActiveCfg = Release|Win32
		{BC4406A2-82D9-46E1-9432-EAABE9AEED88}.Release|Win32.Build.0 = Release|Win32
		{336ABAD6-64AC-4C7F-8CBB-52C70BF143E1}.Debug|Win32.ActiveCfg = Debug|Win32
		{336ABAD6-64AC-4C7F-8CBB-52C70BF143E1}.Debug|Win32.Build.0 = Debug|Win32
		{336ABAD6-64AC-4C7F-8CBB-52C70BF143E1}.Release|Win32.ActiveCfg = Release|Win32
		{336ABAD6-64AC-4C7F-8CBB-52C70BF143E1}.Release|Win32.Build.0 = Release|Win32
	EndGlobalSection
	GlobalSection(SolutionProperties) = preSolution
		HideSolutionNode = FALSE
	EndGlobalSection
	GlobalSection(NestedProjects) = preSolution
		{EE81CD37-E9CB-4730-A7A5-B49BA7E2E51B} = {C376948D-85A5-41CA-9F3A-6A118A1FE6F9}
		{BC4406A2-82D9-46E1-9432-EAABE9AEED88} = {C376948D-85A5-41CA-9F3A-6A118A1FE6F9}
	EndGlobalSection
EndGlobal
